// !$*UTF8*$!
{
	archiveVersion = 1;
	classes = {
	};
	objectVersion = 77;
	objects = {

/* Begin PBXBuildFile section */
		A241D2322F93378F00C0B0CA /* Auth in Frameworks */ = {isa = PBXBuildFile; productRef = A241D2312F93378F00C0B0CA /* Auth */; };
		A241D2342F93378F00C0B0CA /* Functions in Frameworks */ = {isa = PBXBuildFile; productRef = A241D2332F93378F00C0B0CA /* Functions */; };
		A241D2362F93378F00C0B0CA /* PostgREST in Frameworks */ = {isa = PBXBuildFile; productRef = A241D2352F93378F00C0B0CA /* PostgREST */; };
		A241D2452F93384600C0B0CA /* Bubble Up Share Extension.appex in Embed Foundation Extensions */ = {isa = PBXBuildFile; fileRef = A241D23B2F93384600C0B0CA /* Bubble Up Share Extension.appex */; settings = {ATTRIBUTES = (RemoveHeadersOnCopy, ); }; };
		A241D2552F933BAD00C0B0CA /* Supabase in Frameworks */ = {isa = PBXBuildFile; productRef = A241D2542F933BAD00C0B0CA /* Supabase */; };
/* End PBXBuildFile section */

/* Begin PBXContainerItemProxy section */
		A241D2432F93384600C0B0CA /* PBXContainerItemProxy */ = {
			isa = PBXContainerItemProxy;
			containerPortal = A241D18B2F93240300C0B0CA /* Project object */;
			proxyType = 1;
			remoteGlobalIDString = A241D23A2F93384600C0B0CA;
			remoteInfo = "Bubble Up Share Extension";
		};
/* End PBXContainerItemProxy section */

/* Begin PBXCopyFilesBuildPhase section */
		A241D24A2F93384600C0B0CA /* Embed Foundation Extensions */ = {
			isa = PBXCopyFilesBuildPhase;
			buildActionMask = 2147483647;
			dstPath = "";
			dstSubfolderSpec = 13;
			files = (
				A241D2452F93384600C0B0CA /* Bubble Up Share Extension.appex in Embed Foundation Extensions */,
			);
			name = "Embed Foundation Extensions";
			runOnlyForDeploymentPostprocessing = 0;
		};
/* End PBXCopyFilesBuildPhase section */

/* Begin PBXFileReference section */
		A241D1932F93240300C0B0CA /* Bubble Up.app */ = {isa = PBXFileReference; explicitFileType = wrapper.application; includeInIndex = 0; path = "Bubble Up.app"; sourceTree = BUILT_PRODUCTS_DIR; };
		A241D23B2F93384600C0B0CA /* Bubble Up Share Extension.appex */ = {isa = PBXFileReference; explicitFileType = "wrapper.app-extension"; includeInIndex = 0; path = "Bubble Up Share Extension.appex"; sourceTree = BUILT_PRODUCTS_DIR; };
/* End PBXFileReference section */

/* Begin PBXFileSystemSynchronizedBuildFileExceptionSet section */
		A241D2462F93384600C0B0CA /* Exceptions for "Bubble Up Share Extension" folder in "Bubble Up Share Extension" target */ = {
			isa = PBXFileSystemSynchronizedBuildFileExceptionSet;
			membershipExceptions = (
				Info.plist,
			);
			target = A241D23A2F93384600C0B0CA /* Bubble Up Share Extension */;
		};
/* End PBXFileSystemSynchronizedBuildFileExceptionSet section */

/* Begin PBXFileSystemSynchronizedRootGroup section */
		A241D1952F93240300C0B0CA /* Bubble Up */ = {
			isa = PBXFileSystemSynchronizedRootGroup;
			path = "Bubble Up";
			sourceTree = "<group>";
		};
		A241D23C2F93384600C0B0CA /* Bubble Up Share Extension */ = {
			isa = PBXFileSystemSynchronizedRootGroup;
			exceptions = (
				A241D2462F93384600C0B0CA /* Exceptions for "Bubble Up Share Extension" folder in "Bubble Up Share Extension" target */,
			);
			path = "Bubble Up Share Extension";
			sourceTree = "<group>";
		};
/* End PBXFileSystemSynchronizedRootGroup section */

/* Begin PBXFrameworksBuildPhase section */
		A241D1902F93240300C0B0CA /* Frameworks */ = {
			isa = PBXFrameworksBuildPhase;
			buildActionMask = 2147483647;
			files = (
				A241D2552F933BAD00C0B0CA /* Supabase in Frameworks */,
				A241D2362F93378F00C0B0CA /* PostgREST in Frameworks */,
				A241D2342F93378F00C0B0CA /* Functions in Frameworks */,
				A241D2322F93378F00C0B0CA /* Auth in Frameworks */,
			);
			runOnlyForDeploymentPostprocessing = 0;
		};
		A241D2382F93384600C0B0CA /* Frameworks */ = {
			isa = PBXFrameworksBuildPhase;
			buildActionMask = 2147483647;
			files = (
			);
			runOnlyForDeploymentPostprocessing = 0;
		};
/* End PBXFrameworksBuildPhase section */

/* Begin PBXGroup section */
		A241D18A2F93240300C0B0CA = {
			isa = PBXGroup;
			children = (
				A241D1952F93240300C0B0CA /* Bubble Up */,
				A241D23C2F93384600C0B0CA /* Bubble Up Share Extension */,
				A241D2532F933BAD00C0B0CA /* Frameworks */,
				A241D1942F93240300C0B0CA /* Products */,
			);
			sourceTree = "<group>";
		};
		A241D1942F93240300C0B0CA /* Products */ = {
			isa = PBXGroup;
			children = (
				A241D1932F93240300C0B0CA /* Bubble Up.app */,
				A241D23B2F93384600C0B0CA /* Bubble Up Share Extension.appex */,
			);
			name = Products;
			sourceTree = "<group>";
		};
		A241D2532F933BAD00C0B0CA /* Frameworks */ = {
			isa = PBXGroup;
			children = (
			);
			name = Frameworks;
			sourceTree = "<group>";
		};
/* End PBXGroup section */

/* Begin PBXNativeTarget section */
		A241D1922F93240300C0B0CA /* Bubble Up */ = {
			isa = PBXNativeTarget;
			buildConfigurationList = A241D19E2F93240400C0B0CA /* Build configuration list for PBXNativeTarget "Bubble Up" */;
			buildPhases = (
				A241D18F2F93240300C0B0CA /* Sources */,
				A241D1902F93240300C0B0CA /* Frameworks */,
				A241D1912F93240300C0B0CA /* Resources */,
				A241D24A2F93384600C0B0CA /* Embed Foundation Extensions */,
			);
			buildRules = (
			);
			dependencies = (
				A241D2442F93384600C0B0CA /* PBXTargetDependency */,
			);
			fileSystemSynchronizedGroups = (
				A241D1952F93240300C0B0CA /* Bubble Up */,
			);
			name = "Bubble Up";
			packageProductDependencies = (
				A241D2312F93378F00C0B0CA /* Auth */,
				A241D2332F93378F00C0B0CA /* Functions */,
				A241D2352F93378F00C0B0CA /* PostgREST */,
				A241D2542F933BAD00C0B0CA /* Supabase */,
			);
			productName = "Bubble Up";
			productReference = A241D1932F93240300C0B0CA /* Bubble Up.app */;
			productType = "com.apple.product-type.application";
		};
		A241D23A2F93384600C0B0CA /* Bubble Up Share Extension */ = {
			isa = PBXNativeTarget;
			buildConfigurationList = A241D2472F93384600C0B0CA /* Build configuration list for PBXNativeTarget "Bubble Up Share Extension" */;
			buildPhases = (
				A241D2372F93384600C0B0CA /* Sources */,
				A241D2382F93384600C0B0CA /* Frameworks */,
				A241D2392F93384600C0B0CA /* Resources */,
			);
			buildRules = (
			);
			dependencies = (
			);
			fileSystemSynchronizedGroups = (
				A241D23C2F93384600C0B0CA /* Bubble Up Share Extension */,
			);
			name = "Bubble Up Share Extension";
			packageProductDependencies = (
			);
			productName = "Bubble Up Share Extension";
			productReference = A241D23B2F93384600C0B0CA /* Bubble Up Share Extension.appex */;
			productType = "com.apple.product-type.app-extension";
		};
/* End PBXNativeTarget section */

/* Begin PBXProject section */
		A241D18B2F93240300C0B0CA /* Project object */ = {
			isa = PBXProject;
			attributes = {
				BuildIndependentTargetsInParallel = 1;
				LastSwiftUpdateCheck = 2630;
				LastUpgradeCheck = 2630;
				TargetAttributes = {
					A241D1922F93240300C0B0CA = {
						CreatedOnToolsVersion = 26.3;
					};
					A241D23A2F93384600C0B0CA = {
						CreatedOnToolsVersion = 26.3;
					};
				};
			};
			buildConfigurationList = A241D18E2F93240300C0B0CA /* Build configuration list for PBXProject "Bubble Up" */;
			developmentRegion = en;
			hasScannedForEncodings = 0;
			knownRegions = (
				en,
				Base,
			);
			mainGroup = A241D18A2F93240300C0B0CA;
			minimizedProjectReferenceProxies = 1;
			packageReferences = (
				A241D2302F93378F00C0B0CA /* XCRemoteSwiftPackageReference "supabase-swift" */,
			);
			preferredProjectObjectVersion = 77;
			productRefGroup = A241D1942F93240300C0B0CA /* Products */;
			projectDirPath = "";
			projectRoot = "";
			targets = (
				A241D1922F93240300C0B0CA /* Bubble Up */,
				A241D23A2F93384600C0B0CA /* Bubble Up Share Extension */,
			);
		};
/* End PBXProject section */

/* Begin PBXResourcesBuildPhase section */
		A241D1912F93240300C0B0CA /* Resources */ = {
			isa = PBXResourcesBuildPhase;
			buildActionMask = 2147483647;
			files = (
			);
			runOnlyForDeploymentPostprocessing = 0;
		};
		A241D2392F93384600C0B0CA /* Resources */ = {
			isa = PBXResourcesBuildPhase;
			buildActionMask = 2147483647;
			files = (
			);
			runOnlyForDeploymentPostprocessing = 0;
		};
/* End PBXResourcesBuildPhase section */

/* Begin PBXSourcesBuildPhase section */
		A241D18F2F93240300C0B0CA /* Sources */ = {
			isa = PBXSourcesBuildPhase;
			buildActionMask = 2147483647;
			files = (
			);
			runOnlyForDeploymentPostprocessing = 0;
		};
		A241D2372F93384600C0B0CA /* Sources */ = {
			isa = PBXSourcesBuildPhase;
			buildActionMask = 2147483647;
			files = (
			);
			runOnlyForDeploymentPostprocessing = 0;
		};
/* End PBXSourcesBuildPhase section */

/* Begin PBXTargetDependency section */
		A241D2442F93384600C0B0CA /* PBXTargetDependency */ = {
			isa = PBXTargetDependency;
			target = A241D23A2F93384600C0B0CA /* Bubble Up Share Extension */;
			targetProxy = A241D2432F93384600C0B0CA /* PBXContainerItemProxy */;
		};
/* End PBXTargetDependency section */

/* Begin XCBuildConfiguration section */
		A241D19C2F93240400C0B0CA /* Debug */ = {
			isa = XCBuildConfiguration;
			buildSettings = {
				ALWAYS_SEARCH_USER_PATHS = NO;
				ASSETCATALOG_COMPILER_GENERATE_SWIFT_ASSET_SYMBOL_EXTENSIONS = YES;
				CLANG_ANALYZER_NONNULL = YES;
				CLANG_ANALYZER_NUMBER_OBJECT_CONVERSION = YES_AGGRESSIVE;
				CLANG_CXX_LANGUAGE_STANDARD = "gnu++20";
				CLANG_ENABLE_MODULES = YES;
				CLANG_ENABLE_OBJC_ARC = YES;
				CLANG_ENABLE_OBJC_WEAK = YES;
				CLANG_WARN_BLOCK_CAPTURE_AUTORELEASING = YES;
				CLANG_WARN_BOOL_CONVERSION = YES;
				CLANG_WARN_COMMA = YES;
				CLANG_WARN_CONSTANT_CONVERSION = YES;
				CLANG_WARN_DEPRECATED_OBJC_IMPLEMENTATIONS = YES;
				CLANG_WARN_DIRECT_OBJC_ISA_USAGE = YES_ERROR;
				CLANG_WARN_DOCUMENTATION_COMMENTS = YES;
				CLANG_WARN_EMPTY_BODY = YES;
				CLANG_WARN_ENUM_CONVERSION = YES;
				CLANG_WARN_INFINITE_RECURSION = YES;
				CLANG_WARN_INT_CONVERSION = YES;
				CLANG_WARN_NON_LITERAL_NULL_CONVERSION = YES;
				CLANG_WARN_OBJC_IMPLICIT_RETAIN_SELF = YES;
				CLANG_WARN_OBJC_LITERAL_CONVERSION = YES;
				CLANG_WARN_OBJC_ROOT_CLASS = YES_ERROR;
				CLANG_WARN_QUOTED_INCLUDE_IN_FRAMEWORK_HEADER = YES;
				CLANG_WARN_RANGE_LOOP_ANALYSIS = YES;
				CLANG_WARN_STRICT_PROTOTYPES = YES;
				CLANG_WARN_SUSPICIOUS_MOVE = YES;
				CLANG_WARN_UNGUARDED_AVAILABILITY = YES_AGGRESSIVE;
				CLANG_WARN_UNREACHABLE_CODE = YES;
				CLANG_WARN__DUPLICATE_METHOD_MATCH = YES;
				COPY_PHASE_STRIP = NO;
				DEBUG_INFORMATION_FORMAT = dwarf;
				DEVELOPMENT_TEAM = TX86F6EBCJ;
				ENABLE_STRICT_OBJC_MSGSEND = YES;
				ENABLE_TESTABILITY = YES;
				ENABLE_USER_SCRIPT_SANDBOXING = YES;
				GCC_C_LANGUAGE_STANDARD = gnu17;
				GCC_DYNAMIC_NO_PIC = NO;
				GCC_NO_COMMON_BLOCKS = YES;
				GCC_OPTIMIZATION_LEVEL = 0;
				GCC_PREPROCESSOR_DEFINITIONS = (
					"DEBUG=1",
					"$(inherited)",
				);
				GCC_WARN_64_TO_32_BIT_CONVERSION = YES;
				GCC_WARN_ABOUT_RETURN_TYPE = YES_ERROR;
				GCC_WARN_UNDECLARED_SELECTOR = YES;
				GCC_WARN_UNINITIALIZED_AUTOS = YES_AGGRESSIVE;
				GCC_WARN_UNUSED_FUNCTION = YES;
				GCC_WARN_UNUSED_VARIABLE = YES;
				IPHONEOS_DEPLOYMENT_TARGET = 26.2;
				LOCALIZATION_PREFERS_STRING_CATALOGS = YES;
				MTL_ENABLE_DEBUG_INFO = INCLUDE_SOURCE;
				MTL_FAST_MATH = YES;
				ONLY_ACTIVE_ARCH = YES;
				SDKROOT = iphoneos;
				SWIFT_ACTIVE_COMPILATION_CONDITIONS = "DEBUG $(inherited)";
				SWIFT_OPTIMIZATION_LEVEL = "-Onone";
			};
			name = Debug;
		};
		A241D19D2F93240400C0B0CA /* Release */ = {
			isa = XCBuildConfiguration;
			buildSettings = {
				ALWAYS_SEARCH_USER_PATHS = NO;
				ASSETCATALOG_COMPILER_GENERATE_SWIFT_ASSET_SYMBOL_EXTENSIONS = YES;
				CLANG_ANALYZER_NONNULL = YES;
				CLANG_ANALYZER_NUMBER_OBJECT_CONVERSION = YES_AGGRESSIVE;
				CLANG_CXX_LANGUAGE_STANDARD = "gnu++20";
				CLANG_ENABLE_MODULES = YES;
				CLANG_ENABLE_OBJC_ARC = YES;
				CLANG_ENABLE_OBJC_WEAK = YES;
				CLANG_WARN_BLOCK_CAPTURE_AUTORELEASING = YES;
				CLANG_WARN_BOOL_CONVERSION = YES;
				CLANG_WARN_COMMA = YES;
				CLANG_WARN_CONSTANT_CONVERSION = YES;
				CLANG_WARN_DEPRECATED_OBJC_IMPLEMENTATIONS = YES;
				CLANG_WARN_DIRECT_OBJC_ISA_USAGE = YES_ERROR;
				CLANG_WARN_DOCUMENTATION_COMMENTS = YES;
				CLANG_WARN_EMPTY_BODY = YES;
				CLANG_WARN_ENUM_CONVERSION = YES;
				CLANG_WARN_INFINITE_RECURSION = YES;
				CLANG_WARN_INT_CONVERSION = YES;
				CLANG_WARN_NON_LITERAL_NULL_CONVERSION = YES;
				CLANG_WARN_OBJC_IMPLICIT_RETAIN_SELF = YES;
				CLANG_WARN_OBJC_LITERAL_CONVERSION = YES;
				CLANG_WARN_OBJC_ROOT_CLASS = YES_ERROR;
				CLANG_WARN_QUOTED_INCLUDE_IN_FRAMEWORK_HEADER = YES;
				CLANG_WARN_RANGE_LOOP_ANALYSIS = YES;
				CLANG_WARN_STRICT_PROTOTYPES = YES;
				CLANG_WARN_SUSPICIOUS_MOVE = YES;
				CLANG_WARN_UNGUARDED_AVAILABILITY = YES_AGGRESSIVE;
				CLANG_WARN_UNREACHABLE_CODE = YES;
				CLANG_WARN__DUPLICATE_METHOD_MATCH = YES;
				COPY_PHASE_STRIP = NO;
				DEBUG_INFORMATION_FORMAT = "dwarf-with-dsym";
				DEVELOPMENT_TEAM = TX86F6EBCJ;
				ENABLE_NS_ASSERTIONS = NO;
				ENABLE_STRICT_OBJC_MSGSEND = YES;
				ENABLE_USER_SCRIPT_SANDBOXING = YES;
				GCC_C_LANGUAGE_STANDARD = gnu17;
				GCC_NO_COMMON_BLOCKS = YES;
				GCC_WARN_64_TO_32_BIT_CONVERSION = YES;
				GCC_WARN_ABOUT_RETURN_TYPE = YES_ERROR;
				GCC_WARN_UNDECLARED_SELECTOR = YES;
				GCC_WARN_UNINITIALIZED_AUTOS = YES_AGGRESSIVE;
				GCC_WARN_UNUSED_FUNCTION = YES;
				GCC_WARN_UNUSED_VARIABLE = YES;
				IPHONEOS_DEPLOYMENT_TARGET = 26.2;
				LOCALIZATION_PREFERS_STRING_CATALOGS = YES;
				MTL_ENABLE_DEBUG_INFO = NO;
				MTL_FAST_MATH = YES;
				SDKROOT = iphoneos;
				SWIFT_COMPILATION_MODE = wholemodule;
				VALIDATE_PRODUCT = YES;
			};
			name = Release;
		};
		A241D19F2F93240400C0B0CA /* Debug */ = {
			isa = XCBuildConfiguration;
			buildSettings = {
				ASSETCATALOG_COMPILER_APPICON_NAME = AppIcon;
				ASSETCATALOG_COMPILER_GLOBAL_ACCENT_COLOR_NAME = AccentColor;
				CODE_SIGN_ENTITLEMENTS = "Bubble Up/Bubble Up.entitlements";
				CODE_SIGN_STYLE = Automatic;
				CURRENT_PROJECT_VERSION = 1;
				DEVELOPMENT_TEAM = TX86F6EBCJ;
				ENABLE_PREVIEWS = YES;
				GENERATE_INFOPLIST_FILE = YES;
				INFOPLIST_KEY_LSApplicationCategoryType = "public.app-category.reference";
				INFOPLIST_KEY_UIApplicationSceneManifest_Generation = YES;
				INFOPLIST_KEY_UIApplicationSupportsIndirectInputEvents = YES;
				INFOPLIST_KEY_UILaunchScreen_Generation = YES;
				INFOPLIST_KEY_UISupportedInterfaceOrientations_iPad = "UIInterfaceOrientationPortrait UIInterfaceOrientationPortraitUpsideDown UIInterfaceOrientationLandscapeLeft UIInterfaceOrientationLandscapeRight";
				INFOPLIST_KEY_UISupportedInterfaceOrientations_iPhone = "UIInterfaceOrientationPortrait UIInterfaceOrientationLandscapeLeft UIInterfaceOrientationLandscapeRight";
				LD_RUNPATH_SEARCH_PATHS = (
					"$(inherited)",
					"@executable_path/Frameworks",
				);
				MARKETING_VERSION = 1.0;
				PRODUCT_BUNDLE_IDENTIFIER = "com.shillwil.Bubble-Up";
				PRODUCT_NAME = "$(TARGET_NAME)";
				STRING_CATALOG_GENERATE_SYMBOLS = YES;
				SWIFT_APPROACHABLE_CONCURRENCY = YES;
				SWIFT_DEFAULT_ACTOR_ISOLATION = MainActor;
				SWIFT_EMIT_LOC_STRINGS = YES;
				SWIFT_UPCOMING_FEATURE_MEMBER_IMPORT_VISIBILITY = YES;
				SWIFT_VERSION = 5.0;
				TARGETED_DEVICE_FAMILY = "1,2";
			};
			name = Debug;
		};
		A241D1A02F93240400C0B0CA /* Release */ = {
			isa = XCBuildConfiguration;
			buildSettings = {
				ASSETCATALOG_COMPILER_APPICON_NAME = AppIcon;
				ASSETCATALOG_COMPILER_GLOBAL_ACCENT_COLOR_NAME = AccentColor;
				CODE_SIGN_ENTITLEMENTS = "Bubble Up/Bubble Up.entitlements";
				CODE_SIGN_STYLE = Automatic;
				CURRENT_PROJECT_VERSION = 1;
				DEVELOPMENT_TEAM = TX86F6EBCJ;
				ENABLE_PREVIEWS = YES;
				GENERATE_INFOPLIST_FILE = YES;
				INFOPLIST_KEY_LSApplicationCategoryType = "public.app-category.reference";
				INFOPLIST_KEY_UIApplicationSceneManifest_Generation = YES;
				INFOPLIST_KEY_UIApplicationSupportsIndirectInputEvents = YES;
				INFOPLIST_KEY_UILaunchScreen_Generation = YES;
				INFOPLIST_KEY_UISupportedInterfaceOrientations_iPad = "UIInterfaceOrientationPortrait UIInterfaceOrientationPortraitUpsideDown UIInterfaceOrientationLandscapeLeft UIInterfaceOrientationLandscapeRight";
				INFOPLIST_KEY_UISupportedInterfaceOrientations_iPhone = "UIInterfaceOrientationPortrait UIInterfaceOrientationLandscapeLeft UIInterfaceOrientationLandscapeRight";
				LD_RUNPATH_SEARCH_PATHS = (
					"$(inherited)",
					"@executable_path/Frameworks",
				);
				MARKETING_VERSION = 1.0;
				PRODUCT_BUNDLE_IDENTIFIER = "com.shillwil.Bubble-Up";
				PRODUCT_NAME = "$(TARGET_NAME)";
				STRING_CATALOG_GENERATE_SYMBOLS = YES;
				SWIFT_APPROACHABLE_CONCURRENCY = YES;
				SWIFT_DEFAULT_ACTOR_ISOLATION = MainActor;
				SWIFT_EMIT_LOC_STRINGS = YES;
				SWIFT_UPCOMING_FEATURE_MEMBER_IMPORT_VISIBILITY = YES;
				SWIFT_VERSION = 5.0;
				TARGETED_DEVICE_FAMILY = "1,2";
			};
			name = Release;
		};
		A241D2482F93384600C0B0CA /* Debug */ = {
			isa = XCBuildConfiguration;
			buildSettings = {
				CODE_SIGN_ENTITLEMENTS = "Bubble Up Share Extension/Bubble Up Share Extension.entitlements";
				CODE_SIGN_STYLE = Automatic;
				CURRENT_PROJECT_VERSION = 1;
				DEVELOPMENT_TEAM = TX86F6EBCJ;
				GENERATE_INFOPLIST_FILE = YES;
				INFOPLIST_FILE = "Bubble Up Share Extension/Info.plist";
				INFOPLIST_KEY_CFBundleDisplayName = "Bubble Up Share Extension";
				INFOPLIST_KEY_NSHumanReadableCopyright = "";
				LD_RUNPATH_SEARCH_PATHS = (
					"$(inherited)",
					"@executable_path/Frameworks",
					"@executable_path/../../Frameworks",
				);
				MARKETING_VERSION = 1.0;
				PRODUCT_BUNDLE_IDENTIFIER = "com.shillwil.Bubble-Up.Bubble-Up-Share-Extension";
				PRODUCT_NAME = "$(TARGET_NAME)";
				SKIP_INSTALL = YES;
				STRING_CATALOG_GENERATE_SYMBOLS = YES;
				SWIFT_APPROACHABLE_CONCURRENCY = YES;
				SWIFT_EMIT_LOC_STRINGS = YES;
				SWIFT_UPCOMING_FEATURE_MEMBER_IMPORT_VISIBILITY = YES;
				SWIFT_VERSION = 5.0;
				TARGETED_DEVICE_FAMILY = "1,2";
			};
			name = Debug;
		};
		A241D2492F93384600C0B0CA /* Release */ = {
			isa = XCBuildConfiguration;
			buildSettings = {
				CODE_SIGN_ENTITLEMENTS = "Bubble Up Share Extension/Bubble Up Share Extension.entitlements";
				CODE_SIGN_STYLE = Automatic;
				CURRENT_PROJECT_VERSION = 1;
				DEVELOPMENT_TEAM = TX86F6EBCJ;
				GENERATE_INFOPLIST_FILE = YES;
				INFOPLIST_FILE = "Bubble Up Share Extension/Info.plist";
				INFOPLIST_KEY_CFBundleDisplayName = "Bubble Up Share Extension";
				INFOPLIST_KEY_NSHumanReadableCopyright = "";
				LD_RUNPATH_SEARCH_PATHS = (
					"$(inherited)",
					"@executable_path/Frameworks",
					"@executable_path/../../Frameworks",
				);
				MARKETING_VERSION = 1.0;
				PRODUCT_BUNDLE_IDENTIFIER = "com.shillwil.Bubble-Up.Bubble-Up-Share-Extension";
				PRODUCT_NAME = "$(TARGET_NAME)";
				SKIP_INSTALL = YES;
				STRING_CATALOG_GENERATE_SYMBOLS = YES;
				SWIFT_APPROACHABLE_CONCURRENCY = YES;
				SWIFT_EMIT_LOC_STRINGS = YES;
				SWIFT_UPCOMING_FEATURE_MEMBER_IMPORT_VISIBILITY = YES;
				SWIFT_VERSION = 5.0;
				TARGETED_DEVICE_FAMILY = "1,2";
			};
			name = Release;
		};
/* End XCBuildConfiguration section */

/* Begin XCConfigurationList section */
		A241D18E2F93240300C0B0CA /* Build configuration list for PBXProject "Bubble Up" */ = {
			isa = XCConfigurationList;
			buildConfigurations = (
				A241D19C2F93240400C0B0CA /* Debug */,
				A241D19D2F93240400C0B0CA /* Release */,
			);
			defaultConfigurationIsVisible = 0;
			defaultConfigurationName = Release;
		};
		A241D19E2F93240400C0B0CA /* Build configuration list for PBXNativeTarget "Bubble Up" */ = {
			isa = XCConfigurationList;
			buildConfigurations = (
				A241D19F2F93240400C0B0CA /* Debug */,
				A241D1A02F93240400C0B0CA /* Release */,
			);
			defaultConfigurationIsVisible = 0;
			defaultConfigurationName = Release;
		};
		A241D2472F93384600C0B0CA /* Build configuration list for PBXNativeTarget "Bubble Up Share Extension" */ = {
			isa = XCConfigurationList;
			buildConfigurations = (
				A241D2482F93384600C0B0CA /* Debug */,
				A241D2492F93384600C0B0CA /* Release */,
			);
			defaultConfigurationIsVisible = 0;
			defaultConfigurationName = Release;
		};
/* End XCConfigurationList section */

/* Begin XCRemoteSwiftPackageReference section */
		A241D2302F93378F00C0B0CA /* XCRemoteSwiftPackageReference "supabase-swift" */ = {
			isa = XCRemoteSwiftPackageReference;
			repositoryURL = "https://github.com/supabase/supabase-swift.git";
			requirement = {
				kind = upToNextMajorVersion;
				minimumVersion = 2.5.1;
			};
		};
/* End XCRemoteSwiftPackageReference section */

/* Begin XCSwiftPackageProductDependency section */
		A241D2312F93378F00C0B0CA /* Auth */ = {
			isa = XCSwiftPackageProductDependency;
			package = A241D2302F93378F00C0B0CA /* XCRemoteSwiftPackageReference "supabase-swift" */;
			productName = Auth;
		};
		A241D2332F93378F00C0B0CA /* Functions */ = {
			isa = XCSwiftPackageProductDependency;
			package = A241D2302F93378F00C0B0CA /* XCRemoteSwiftPackageReference "supabase-swift" */;
			productName = Functions;
		};
		A241D2352F93378F00C0B0CA /* PostgREST */ = {
			isa = XCSwiftPackageProductDependency;
			package = A241D2302F93378F00C0B0CA /* XCRemoteSwiftPackageReference "supabase-swift" */;
			productName = PostgREST;
		};
		A241D2542F933BAD00C0B0CA /* Supabase */ = {
			isa = XCSwiftPackageProductDependency;
			package = A241D2302F93378F00C0B0CA /* XCRemoteSwiftPackageReference "supabase-swift" */;
			productName = Supabase;
		};
/* End XCSwiftPackageProductDependency section */
	};
	rootObject = A241D18B2F93240300C0B0CA /* Project object */;
}
